
Microsoft Visual Studio Solution File, Format Version 12.00
# Visual Studio Version 17
VisualStudioVersion = 17.3.32922.545
MinimumVisualStudioVersion = 10.0.40219.1
Project("{FAE04EC0-301F-11D3-BF4B-00C04F79EFBC}") = "avras-v2.API", "avras-v2.API\avras-v2.API.csproj", "{5F4FCBF4-5E83-4655-874C-2126FAF2DE34}"
EndProject
Project("{FAE04EC0-301F-11D3-BF4B-00C04F79EFBC}") = "avras-v2.Application", "avras-v2.Application\avras-v2.Application.csproj", "{1EE2D648-4A15-437A-B9D1-6319D53EFE97}"
EndProject
Project("{FAE04EC0-301F-11D3-BF4B-00C04F79EFBC}") = "avras-v2.Domain", "avras-v2.Domain\avras-v2.Domain.csproj", "{4DDA5C8E-85AE-48C3-A6B6-466FD3D7B4CD}"
EndProject
Project("{FAE04EC0-301F-11D3-BF4B-00C04F79EFBC}") = "avras-v2.Infrastructure", "avras-v2.Infrastructure\avras-v2.Infrastructure.csproj", "{B6CB4E18-85A7-4880-A1EE-2C2B57386096}"
EndProject
Global
	GlobalSection(SolutionConfigurationPlatforms) = preSolution
		Debug|Any CPU = Debug|Any CPU
		Release|Any CPU = Release|Any CPU
	EndGlobalSection
	GlobalSection(ProjectConfigurationPlatforms) = postSolution
		{5F4FCBF4-5E83-4655-874C-2126FAF2DE34}.Debug|Any CPU.ActiveCfg = Debug|Any CPU
		{5F4FCBF4-5E83-4655-874C-2126FAF2DE34}.Debug|Any CPU.Build.0 = Debug|Any CPU
		{5F4FCBF4-5E83-4655-874C-2126FAF2DE34}.Release|Any CPU.ActiveCfg = Release|Any CPU
		{5F4FCBF4-5E83-4655-874C-2126FAF2DE34}.Release|Any CPU.Build.0 = Release|Any CPU
		{1EE2D648-4A15-437A-B9D1-6319D53EFE97}.Debug|Any CPU.ActiveCfg = Debug|Any CPU
		{1EE2D648-4A15-437A-B9D1-6319D53EFE97}.Debug|Any CPU.Build.0 = Debug|Any CPU
		{1EE2D648-4A15-437A-B9D1-6319D53EFE97}.Release|Any CPU.ActiveCfg = Release|Any CPU
		{1EE2D648-4A15-437A-B9D1-6319D53EFE97}.Release|Any CPU.Build.0 = Release|Any CPU
		{4DDA5C8E-85AE-48C3-A6B6-466FD3D7B4CD}.Debug|Any CPU.ActiveCfg = Debug|Any CPU
		{4DDA5C8E-85AE-48C3-A6B6-466FD3D7B4CD}.Debug|Any CPU.Build.0 = Debug|Any CPU
		{4DDA5C8E-85AE-48C3-A6B6-466FD3D7B4CD}.Release|Any CPU.ActiveCfg = Release|Any CPU
		{4DDA5C8E-85AE-48C3-A6B6-466FD3D7B4CD}.Release|Any CPU.Build.0 = Release|Any CPU
		{B6CB4E18-85A7-4880-A1EE-2C2B57386096}.Debug|Any CPU.ActiveCfg = Debug|Any CPU
		{B6CB4E18-85A7-4880-A1EE-2C2B57386096}.Debug|Any CPU.Build.0 = Debug|Any CPU
		{B6CB4E18-85A7-4880-A1EE-2C2B57386096}.Release|Any CPU.ActiveCfg = Release|Any CPU
		{B6CB4E18-85A7-4880-A1EE-2C2B57386096}.Release|Any CPU.Build.0 = Release|Any CPU
	EndGlobalSection
	GlobalSection(SolutionProperties) = preSolution
		HideSolutionNode = FALSE
	EndGlobalSection
	GlobalSection(ExtensibilityGlobals) = postSolution
		SolutionGuid = {F3110606-A7A3-4B3C-A5E1-49EC40B6BECD}
	EndGlobalSection
EndGlobal
